// !$*UTF8*$!
{
	archiveVersion = 1;
	classes = {
	};
	objectVersion = 50;
	objects = {

/* Begin PBXBuildFile section */
		223DD06125AF1350003FFD44 /* BookRowWiew.swift in Sources */ = {isa = PBXBuildFile; fileRef = 223DD06025AF1350003FFD44 /* BookRowWiew.swift */; };
		223DD06725AF2CC4003FFD44 /* Ingredient.swift in Sources */ = {isa = PBXBuildFile; fileRef = 223DD06625AF2CC4003FFD44 /* Ingredient.swift */; };
		223DD06B25AF2EA6003FFD44 /* BookModel.swift in Sources */ = {isa = PBXBuildFile; fileRef = 223DD06A25AF2EA6003FFD44 /* BookModel.swift */; };
		223DD07525B0A915003FFD44 /* FileForTesting.swift in Sources */ = {isa = PBXBuildFile; fileRef = 223DD07425B0A915003FFD44 /* FileForTesting.swift */; };
		223DD09F25B0ECD4003FFD44 /* BookView.swift in Sources */ = {isa = PBXBuildFile; fileRef = 223DD09E25B0ECD3003FFD44 /* BookView.swift */; };
		22B77B1E259CDC8F00089546 /* Shall_we_eatApp.swift in Sources */ = {isa = PBXBuildFile; fileRef = 22B77B1D259CDC8F00089546 /* Shall_we_eatApp.swift */; };
		22B77B20259CDC8F00089546 /* ContentView.swift in Sources */ = {isa = PBXBuildFile; fileRef = 22B77B1F259CDC8F00089546 /* ContentView.swift */; };
		22B77B22259CDC9200089546 /* Assets.xcassets in Resources */ = {isa = PBXBuildFile; fileRef = 22B77B21259CDC9200089546 /* Assets.xcassets */; };
		22B77B25259CDC9200089546 /* Preview Assets.xcassets in Resources */ = {isa = PBXBuildFile; fileRef = 22B77B24259CDC9200089546 /* Preview Assets.xcassets */; };
		39401A1425AEFA7600AFF6C7 /* SocialNetwork1.swift in Sources */ = {isa = PBXBuildFile; fileRef = 39401A1325AEFA7600AFF6C7 /* SocialNetwork1.swift */; };
		3960995A25B0C5B200BBA751 /* Account.swift in Sources */ = {isa = PBXBuildFile; fileRef = 3960995925B0C5B200BBA751 /* Account.swift */; };
		39C6DFCF25B7415000634F0A /* IMG_3840.MOV in Resources */ = {isa = PBXBuildFile; fileRef = 39C6DFCE25B7415000634F0A /* IMG_3840.MOV */; };
		39C6DFD525B77C3E00634F0A /* VideoPlayerView.swift in Sources */ = {isa = PBXBuildFile; fileRef = 39C6DFD425B77C3E00634F0A /* VideoPlayerView.swift */; };
		39D9EF6025B72A8F0069A17B /* Post.swift in Sources */ = {isa = PBXBuildFile; fileRef = 39D9EF5F25B72A8F0069A17B /* Post.swift */; };
		39D9EF6325B72ABA0069A17B /* Author.swift in Sources */ = {isa = PBXBuildFile; fileRef = 39D9EF6225B72ABA0069A17B /* Author.swift */; };
		39D9EF6A25B72B7A0069A17B /* IMG_7187.MOV in Resources */ = {isa = PBXBuildFile; fileRef = 39D9EF6525B72B790069A17B /* IMG_7187.MOV */; };
		39D9EF6B25B72B7A0069A17B /* IMG_3903.MOV in Resources */ = {isa = PBXBuildFile; fileRef = 39D9EF6625B72B790069A17B /* IMG_3903.MOV */; };
		39D9EF6C25B72B7A0069A17B /* IMG_4188.MOV in Resources */ = {isa = PBXBuildFile; fileRef = 39D9EF6725B72B7A0069A17B /* IMG_4188.MOV */; };
		39D9EF6D25B72B7A0069A17B /* IMG_4209.MOV in Resources */ = {isa = PBXBuildFile; fileRef = 39D9EF6825B72B7A0069A17B /* IMG_4209.MOV */; };
		39D9EF6E25B72B7A0069A17B /* IMG_3904.MOV in Resources */ = {isa = PBXBuildFile; fileRef = 39D9EF6925B72B7A0069A17B /* IMG_3904.MOV */; };
		39FF6E8A259D04C9007FACF0 /* Instruction.swift in Sources */ = {isa = PBXBuildFile; fileRef = 39FF6E89259D04C9007FACF0 /* Instruction.swift */; };
		39FF6E90259D0507007FACF0 /* Instruction2.swift in Sources */ = {isa = PBXBuildFile; fileRef = 39FF6E8F259D0507007FACF0 /* Instruction2.swift */; };
		39FF6E94259D06E7007FACF0 /* Instruction1.swift in Sources */ = {isa = PBXBuildFile; fileRef = 39FF6E93259D06E7007FACF0 /* Instruction1.swift */; };
		39FF6E97259D081B007FACF0 /* MultipageView.swift in Sources */ = {isa = PBXBuildFile; fileRef = 39FF6E96259D081B007FACF0 /* MultipageView.swift */; };
		39FF6E9A259D21C4007FACF0 /* TabBar.swift in Sources */ = {isa = PBXBuildFile; fileRef = 39FF6E99259D21C4007FACF0 /* TabBar.swift */; };
		39FF6EA6259D2438007FACF0 /* SocialNetworkView.swift in Sources */ = {isa = PBXBuildFile; fileRef = 39FF6EA5259D2438007FACF0 /* SocialNetworkView.swift */; };
		39FF6EB6259E3612007FACF0 /* Fridge.swift in Sources */ = {isa = PBXBuildFile; fileRef = 39FF6EB5259E3612007FACF0 /* Fridge.swift */; };
		39FF6F1825A8703D007FACF0 /* IMG_7408.MOV in Resources */ = {isa = PBXBuildFile; fileRef = 39FF6F1525A8703C007FACF0 /* IMG_7408.MOV */; };
		39FF6F1925A8703D007FACF0 /* IMG_7363.MOV in Resources */ = {isa = PBXBuildFile; fileRef = 39FF6F1625A8703D007FACF0 /* IMG_7363.MOV */; };
		39FF6F1A25A8703D007FACF0 /* IMG_7847.MOV in Resources */ = {isa = PBXBuildFile; fileRef = 39FF6F1725A8703D007FACF0 /* IMG_7847.MOV */; };
/* End PBXBuildFile section */

/* Begin PBXFileReference section */
		223DD06025AF1350003FFD44 /* BookRowWiew.swift */ = {isa = PBXFileReference; lastKnownFileType = sourcecode.swift; path = BookRowWiew.swift; sourceTree = "<group>"; };
		223DD06625AF2CC4003FFD44 /* Ingredient.swift */ = {isa = PBXFileReference; lastKnownFileType = sourcecode.swift; path = Ingredient.swift; sourceTree = "<group>"; };
		223DD06A25AF2EA6003FFD44 /* BookModel.swift */ = {isa = PBXFileReference; lastKnownFileType = sourcecode.swift; path = BookModel.swift; sourceTree = "<group>"; };
		223DD07425B0A915003FFD44 /* FileForTesting.swift */ = {isa = PBXFileReference; lastKnownFileType = sourcecode.swift; path = FileForTesting.swift; sourceTree = "<group>"; };
		223DD09E25B0ECD3003FFD44 /* BookView.swift */ = {isa = PBXFileReference; fileEncoding = 4; lastKnownFileType = sourcecode.swift; path = BookView.swift; sourceTree = "<group>"; };
		22B77B1A259CDC8F00089546 /* Shall-we-eat.app */ = {isa = PBXFileReference; explicitFileType = wrapper.application; includeInIndex = 0; path = "Shall-we-eat.app"; sourceTree = BUILT_PRODUCTS_DIR; };
		22B77B1D259CDC8F00089546 /* Shall_we_eatApp.swift */ = {isa = PBXFileReference; lastKnownFileType = sourcecode.swift; path = Shall_we_eatApp.swift; sourceTree = "<group>"; };
		22B77B1F259CDC8F00089546 /* ContentView.swift */ = {isa = PBXFileReference; lastKnownFileType = sourcecode.swift; path = ContentView.swift; sourceTree = "<group>"; };
		22B77B21259CDC9200089546 /* Assets.xcassets */ = {isa = PBXFileReference; lastKnownFileType = folder.assetcatalog; path = Assets.xcassets; sourceTree = "<group>"; };
		22B77B24259CDC9200089546 /* Preview Assets.xcassets */ = {isa = PBXFileReference; lastKnownFileType = folder.assetcatalog; path = "Preview Assets.xcassets"; sourceTree = "<group>"; };
		22B77B26259CDC9200089546 /* Info.plist */ = {isa = PBXFileReference; lastKnownFileType = text.plist.xml; path = Info.plist; sourceTree = "<group>"; };
		39401A1325AEFA7600AFF6C7 /* SocialNetwork1.swift */ = {isa = PBXFileReference; lastKnownFileType = sourcecode.swift; path = SocialNetwork1.swift; sourceTree = "<group>"; };
		3960995925B0C5B200BBA751 /* Account.swift */ = {isa = PBXFileReference; lastKnownFileType = sourcecode.swift; path = Account.swift; sourceTree = "<group>"; };
		39C6DFCE25B7415000634F0A /* IMG_3840.MOV */ = {isa = PBXFileReference; lastKnownFileType = video.quicktime; path = IMG_3840.MOV; sourceTree = "<group>"; };
		39C6DFD425B77C3E00634F0A /* VideoPlayerView.swift */ = {isa = PBXFileReference; lastKnownFileType = sourcecode.swift; path = VideoPlayerView.swift; sourceTree = "<group>"; };
		39D9EF5F25B72A8F0069A17B /* Post.swift */ = {isa = PBXFileReference; lastKnownFileType = sourcecode.swift; path = Post.swift; sourceTree = "<group>"; };
		39D9EF6225B72ABA0069A17B /* Author.swift */ = {isa = PBXFileReference; lastKnownFileType = sourcecode.swift; path = Author.swift; sourceTree = "<group>"; };
		39D9EF6525B72B790069A17B /* IMG_7187.MOV */ = {isa = PBXFileReference; lastKnownFileType = video.quicktime; path = IMG_7187.MOV; sourceTree = "<group>"; };
		39D9EF6625B72B790069A17B /* IMG_3903.MOV */ = {isa = PBXFileReference; lastKnownFileType = video.quicktime; path = IMG_3903.MOV; sourceTree = "<group>"; };
		39D9EF6725B72B7A0069A17B /* IMG_4188.MOV */ = {isa = PBXFileReference; lastKnownFileType = video.quicktime; path = IMG_4188.MOV; sourceTree = "<group>"; };
		39D9EF6825B72B7A0069A17B /* IMG_4209.MOV */ = {isa = PBXFileReference; lastKnownFileType = video.quicktime; path = IMG_4209.MOV; sourceTree = "<group>"; };
		39D9EF6925B72B7A0069A17B /* IMG_3904.MOV */ = {isa = PBXFileReference; lastKnownFileType = video.quicktime; path = IMG_3904.MOV; sourceTree = "<group>"; };
		39FF6E89259D04C9007FACF0 /* Instruction.swift */ = {isa = PBXFileReference; lastKnownFileType = sourcecode.swift; path = Instruction.swift; sourceTree = "<group>"; };
		39FF6E8F259D0507007FACF0 /* Instruction2.swift */ = {isa = PBXFileReference; lastKnownFileType = sourcecode.swift; path = Instruction2.swift; sourceTree = "<group>"; };
		39FF6E93259D06E7007FACF0 /* Instruction1.swift */ = {isa = PBXFileReference; lastKnownFileType = sourcecode.swift; path = Instruction1.swift; sourceTree = "<group>"; };
		39FF6E96259D081B007FACF0 /* MultipageView.swift */ = {isa = PBXFileReference; lastKnownFileType = sourcecode.swift; path = MultipageView.swift; sourceTree = "<group>"; };
		39FF6E99259D21C4007FACF0 /* TabBar.swift */ = {isa = PBXFileReference; lastKnownFileType = sourcecode.swift; path = TabBar.swift; sourceTree = "<group>"; };
		39FF6EA5259D2438007FACF0 /* SocialNetworkView.swift */ = {isa = PBXFileReference; lastKnownFileType = sourcecode.swift; path = SocialNetworkView.swift; sourceTree = "<group>"; };
		39FF6EB5259E3612007FACF0 /* Fridge.swift */ = {isa = PBXFileReference; lastKnownFileType = sourcecode.swift; path = Fridge.swift; sourceTree = "<group>"; };
		39FF6F1525A8703C007FACF0 /* IMG_7408.MOV */ = {isa = PBXFileReference; lastKnownFileType = video.quicktime; path = IMG_7408.MOV; sourceTree = "<group>"; };
		39FF6F1625A8703D007FACF0 /* IMG_7363.MOV */ = {isa = PBXFileReference; lastKnownFileType = video.quicktime; path = IMG_7363.MOV; sourceTree = "<group>"; };
		39FF6F1725A8703D007FACF0 /* IMG_7847.MOV */ = {isa = PBXFileReference; lastKnownFileType = video.quicktime; path = IMG_7847.MOV; sourceTree = "<group>"; };
/* End PBXFileReference section */

/* Begin PBXFrameworksBuildPhase section */
		22B77B17259CDC8F00089546 /* Frameworks */ = {
			isa = PBXFrameworksBuildPhase;
			buildActionMask = 2147483647;
			files = (
			);
			runOnlyForDeploymentPostprocessing = 0;
		};
/* End PBXFrameworksBuildPhase section */

/* Begin PBXGroup section */
		223DD06325AF1700003FFD44 /* Models */ = {
			isa = PBXGroup;
			children = (
				223DD06A25AF2EA6003FFD44 /* BookModel.swift */,
				39D9EF5F25B72A8F0069A17B /* Post.swift */,
				39D9EF6225B72ABA0069A17B /* Author.swift */,
				39C6DFD425B77C3E00634F0A /* VideoPlayerView.swift */,
			);
			path = Models;
			sourceTree = "<group>";
		};
		22B77B11259CDC8F00089546 = {
			isa = PBXGroup;
			children = (
				39C6DFCE25B7415000634F0A /* IMG_3840.MOV */,
				39D9EF6625B72B790069A17B /* IMG_3903.MOV */,
				39D9EF6925B72B7A0069A17B /* IMG_3904.MOV */,
				39D9EF6725B72B7A0069A17B /* IMG_4188.MOV */,
				39D9EF6825B72B7A0069A17B /* IMG_4209.MOV */,
				39D9EF6525B72B790069A17B /* IMG_7187.MOV */,
				39FF6F1625A8703D007FACF0 /* IMG_7363.MOV */,
				39FF6F1525A8703C007FACF0 /* IMG_7408.MOV */,
				39FF6F1725A8703D007FACF0 /* IMG_7847.MOV */,
				22B77B1C259CDC8F00089546 /* Shall-we-eat */,
				22B77B1B259CDC8F00089546 /* Products */,
			);
			sourceTree = "<group>";
		};
		22B77B1B259CDC8F00089546 /* Products */ = {
			isa = PBXGroup;
			children = (
				22B77B1A259CDC8F00089546 /* Shall-we-eat.app */,
			);
			name = Products;
			sourceTree = "<group>";
		};
		22B77B1C259CDC8F00089546 /* Shall-we-eat */ = {
			isa = PBXGroup;
			children = (
				22B77B1D259CDC8F00089546 /* Shall_we_eatApp.swift */,
				22B77B1F259CDC8F00089546 /* ContentView.swift */,
				39FF6E96259D081B007FACF0 /* MultipageView.swift */,
				39FF6E89259D04C9007FACF0 /* Instruction.swift */,
				39FF6E93259D06E7007FACF0 /* Instruction1.swift */,
				39FF6E8F259D0507007FACF0 /* Instruction2.swift */,
				223DD06625AF2CC4003FFD44 /* Ingredient.swift */,
				39FF6E99259D21C4007FACF0 /* TabBar.swift */,
				3960995925B0C5B200BBA751 /* Account.swift */,
				223DD09E25B0ECD3003FFD44 /* BookView.swift */,
				223DD06025AF1350003FFD44 /* BookRowWiew.swift */,
				223DD07425B0A915003FFD44 /* FileForTesting.swift */,
				39FF6EB5259E3612007FACF0 /* Fridge.swift */,
				39FF6EA5259D2438007FACF0 /* SocialNetworkView.swift */,
				223DD06325AF1700003FFD44 /* Models */,
				39401A1325AEFA7600AFF6C7 /* SocialNetwork1.swift */,
				22B77B21259CDC9200089546 /* Assets.xcassets */,
				22B77B26259CDC9200089546 /* Info.plist */,
				22B77B23259CDC9200089546 /* Preview Content */,
			);
			path = "Shall-we-eat";
			sourceTree = "<group>";
		};
		22B77B23259CDC9200089546 /* Preview Content */ = {
			isa = PBXGroup;
			children = (
				22B77B24259CDC9200089546 /* Preview Assets.xcassets */,
			);
			path = "Preview Content";
			sourceTree = "<group>";
		};
/* End PBXGroup section */

/* Begin PBXNativeTarget section */
		22B77B19259CDC8F00089546 /* Shall-we-eat */ = {
			isa = PBXNativeTarget;
			buildConfigurationList = 22B77B29259CDC9200089546 /* Build configuration list for PBXNativeTarget "Shall-we-eat" */;
			buildPhases = (
				22B77B16259CDC8F00089546 /* Sources */,
				22B77B17259CDC8F00089546 /* Frameworks */,
				22B77B18259CDC8F00089546 /* Resources */,
			);
			buildRules = (
			);
			dependencies = (
			);
			name = "Shall-we-eat";
			productName = "Shall-we-eat";
			productReference = 22B77B1A259CDC8F00089546 /* Shall-we-eat.app */;
			productType = "com.apple.product-type.application";
		};
/* End PBXNativeTarget section */

/* Begin PBXProject section */
		22B77B12259CDC8F00089546 /* Project object */ = {
			isa = PBXProject;
			attributes = {
				LastSwiftUpdateCheck = 1230;
				LastUpgradeCheck = 1230;
				TargetAttributes = {
					22B77B19259CDC8F00089546 = {
						CreatedOnToolsVersion = 12.3;
					};
				};
			};
			buildConfigurationList = 22B77B15259CDC8F00089546 /* Build configuration list for PBXProject "Shall-we-eat" */;
			compatibilityVersion = "Xcode 9.3";
			developmentRegion = en;
			hasScannedForEncodings = 0;
			knownRegions = (
				en,
				Base,
			);
			mainGroup = 22B77B11259CDC8F00089546;
			productRefGroup = 22B77B1B259CDC8F00089546 /* Products */;
			projectDirPath = "";
			projectRoot = "";
			targets = (
				22B77B19259CDC8F00089546 /* Shall-we-eat */,
			);
		};
/* End PBXProject section */

/* Begin PBXResourcesBuildPhase section */
		22B77B18259CDC8F00089546 /* Resources */ = {
			isa = PBXResourcesBuildPhase;
			buildActionMask = 2147483647;
			files = (
				39C6DFCF25B7415000634F0A /* IMG_3840.MOV in Resources */,
				39D9EF6A25B72B7A0069A17B /* IMG_7187.MOV in Resources */,
				39D9EF6B25B72B7A0069A17B /* IMG_3903.MOV in Resources */,
				39D9EF6C25B72B7A0069A17B /* IMG_4188.MOV in Resources */,
				39D9EF6D25B72B7A0069A17B /* IMG_4209.MOV in Resources */,
				39D9EF6E25B72B7A0069A17B /* IMG_3904.MOV in Resources */,
				39FF6F1825A8703D007FACF0 /* IMG_7408.MOV in Resources */,
				39FF6F1925A8703D007FACF0 /* IMG_7363.MOV in Resources */,
				39FF6F1A25A8703D007FACF0 /* IMG_7847.MOV in Resources */,
				22B77B25259CDC9200089546 /* Preview Assets.xcassets in Resources */,
				22B77B22259CDC9200089546 /* Assets.xcassets in Resources */,
			);
			runOnlyForDeploymentPostprocessing = 0;
		};
/* End PBXResourcesBuildPhase section */

/* Begin PBXSourcesBuildPhase section */
		22B77B16259CDC8F00089546 /* Sources */ = {
			isa = PBXSourcesBuildPhase;
			buildActionMask = 2147483647;
			files = (
				39401A1425AEFA7600AFF6C7 /* SocialNetwork1.swift in Sources */,
				39FF6EB6259E3612007FACF0 /* Fridge.swift in Sources */,
				223DD06725AF2CC4003FFD44 /* Ingredient.swift in Sources */,
				39FF6E90259D0507007FACF0 /* Instruction2.swift in Sources */,
				39D9EF6025B72A8F0069A17B /* Post.swift in Sources */,
				223DD07525B0A915003FFD44 /* FileForTesting.swift in Sources */,
				223DD06125AF1350003FFD44 /* BookRowWiew.swift in Sources */,
				3960995A25B0C5B200BBA751 /* Account.swift in Sources */,
				39FF6E94259D06E7007FACF0 /* Instruction1.swift in Sources */,
				39FF6E8A259D04C9007FACF0 /* Instruction.swift in Sources */,
				223DD06B25AF2EA6003FFD44 /* BookModel.swift in Sources */,
				39FF6E97259D081B007FACF0 /* MultipageView.swift in Sources */,
				39D9EF6325B72ABA0069A17B /* Author.swift in Sources */,
				22B77B20259CDC8F00089546 /* ContentView.swift in Sources */,
				39FF6EA6259D2438007FACF0 /* SocialNetworkView.swift in Sources */,
				22B77B1E259CDC8F00089546 /* Shall_we_eatApp.swift in Sources */,
				39FF6E9A259D21C4007FACF0 /* TabBar.swift in Sources */,
				223DD09F25B0ECD4003FFD44 /* BookView.swift in Sources */,
				39C6DFD525B77C3E00634F0A /* VideoPlayerView.swift in Sources */,
			);
			runOnlyForDeploymentPostprocessing = 0;
		};
/* End PBXSourcesBuildPhase section */

/* Begin XCBuildConfiguration section */
		22B77B27259CDC9200089546 /* Debug */ = {
			isa = XCBuildConfiguration;
			buildSettings = {
				ALWAYS_SEARCH_USER_PATHS = NO;
				CLANG_ANALYZER_NONNULL = YES;
				CLANG_ANALYZER_NUMBER_OBJECT_CONVERSION = YES_AGGRESSIVE;
				CLANG_CXX_LANGUAGE_STANDARD = "gnu++14";
				CLANG_CXX_LIBRARY = "libc++";
				CLANG_ENABLE_MODULES = YES;
				CLANG_ENABLE_OBJC_ARC = YES;
				CLANG_ENABLE_OBJC_WEAK = YES;
				CLANG_WARN_BLOCK_CAPTURE_AUTORELEASING = YES;
				CLANG_WARN_BOOL_CONVERSION = YES;
				CLANG_WARN_COMMA = YES;
				CLANG_WARN_CONSTANT_CONVERSION = YES;
				CLANG_WARN_DEPRECATED_OBJC_IMPLEMENTATIONS = YES;
				CLANG_WARN_DIRECT_OBJC_ISA_USAGE = YES_ERROR;
				CLANG_WARN_DOCUMENTATION_COMMENTS = YES;
				CLANG_WARN_EMPTY_BODY = YES;
				CLANG_WARN_ENUM_CONVERSION = YES;
				CLANG_WARN_INFINITE_RECURSION = YES;
				CLANG_WARN_INT_CONVERSION = YES;
				CLANG_WARN_NON_LITERAL_NULL_CONVERSION = YES;
				CLANG_WARN_OBJC_IMPLICIT_RETAIN_SELF = YES;
				CLANG_WARN_OBJC_LITERAL_CONVERSION = YES;
				CLANG_WARN_OBJC_ROOT_CLASS = YES_ERROR;
				CLANG_WARN_QUOTED_INCLUDE_IN_FRAMEWORK_HEADER = YES;
				CLANG_WARN_RANGE_LOOP_ANALYSIS = YES;
				CLANG_WARN_STRICT_PROTOTYPES = YES;
				CLANG_WARN_SUSPICIOUS_MOVE = YES;
				CLANG_WARN_UNGUARDED_AVAILABILITY = YES_AGGRESSIVE;
				CLANG_WARN_UNREACHABLE_CODE = YES;
				CLANG_WARN__DUPLICATE_METHOD_MATCH = YES;
				COPY_PHASE_STRIP = NO;
				DEBUG_INFORMATION_FORMAT = dwarf;
				ENABLE_STRICT_OBJC_MSGSEND = YES;
				ENABLE_TESTABILITY = YES;
				GCC_C_LANGUAGE_STANDARD = gnu11;
				GCC_DYNAMIC_NO_PIC = NO;
				GCC_NO_COMMON_BLOCKS = YES;
				GCC_OPTIMIZATION_LEVEL = 0;
				GCC_PREPROCESSOR_DEFINITIONS = (
					"DEBUG=1",
					"$(inherited)",
				);
				GCC_WARN_64_TO_32_BIT_CONVERSION = YES;
				GCC_WARN_ABOUT_RETURN_TYPE = YES_ERROR;
				GCC_WARN_UNDECLARED_SELECTOR = YES;
				GCC_WARN_UNINITIALIZED_AUTOS = YES_AGGRESSIVE;
				GCC_WARN_UNUSED_FUNCTION = YES;
				GCC_WARN_UNUSED_VARIABLE = YES;
				IPHONEOS_DEPLOYMENT_TARGET = 14.3;
				MTL_ENABLE_DEBUG_INFO = INCLUDE_SOURCE;
				MTL_FAST_MATH = YES;
				ONLY_ACTIVE_ARCH = YES;
				SDKROOT = iphoneos;
				SWIFT_ACTIVE_COMPILATION_CONDITIONS = DEBUG;
				SWIFT_OPTIMIZATION_LEVEL = "-Onone";
			};
			name = Debug;
		};
		22B77B28259CDC9200089546 /* Release */ = {
			isa = XCBuildConfiguration;
			buildSettings = {
				ALWAYS_SEARCH_USER_PATHS = NO;
				CLANG_ANALYZER_NONNULL = YES;
				CLANG_ANALYZER_NUMBER_OBJECT_CONVERSION = YES_AGGRESSIVE;
				CLANG_CXX_LANGUAGE_STANDARD = "gnu++14";
				CLANG_CXX_LIBRARY = "libc++";
				CLANG_ENABLE_MODULES = YES;
				CLANG_ENABLE_OBJC_ARC = YES;
				CLANG_ENABLE_OBJC_WEAK = YES;
				CLANG_WARN_BLOCK_CAPTURE_AUTORELEASING = YES;
				CLANG_WARN_BOOL_CONVERSION = YES;
				CLANG_WARN_COMMA = YES;
				CLANG_WARN_CONSTANT_CONVERSION = YES;
				CLANG_WARN_DEPRECATED_OBJC_IMPLEMENTATIONS = YES;
				CLANG_WARN_DIRECT_OBJC_ISA_USAGE = YES_ERROR;
				CLANG_WARN_DOCUMENTATION_COMMENTS = YES;
				CLANG_WARN_EMPTY_BODY = YES;
				CLANG_WARN_ENUM_CONVERSION = YES;
				CLANG_WARN_INFINITE_RECURSION = YES;
				CLANG_WARN_INT_CONVERSION = YES;
				CLANG_WARN_NON_LITERAL_NULL_CONVERSION = YES;
				CLANG_WARN_OBJC_IMPLICIT_RETAIN_SELF = YES;
				CLANG_WARN_OBJC_LITERAL_CONVERSION = YES;
				CLANG_WARN_OBJC_ROOT_CLASS = YES_ERROR;
				CLANG_WARN_QUOTED_INCLUDE_IN_FRAMEWORK_HEADER = YES;
				CLANG_WARN_RANGE_LOOP_ANALYSIS = YES;
				CLANG_WARN_STRICT_PROTOTYPES = YES;
				CLANG_WARN_SUSPICIOUS_MOVE = YES;
				CLANG_WARN_UNGUARDED_AVAILABILITY = YES_AGGRESSIVE;
				CLANG_WARN_UNREACHABLE_CODE = YES;
				CLANG_WARN__DUPLICATE_METHOD_MATCH = YES;
				COPY_PHASE_STRIP = NO;
				DEBUG_INFORMATION_FORMAT = "dwarf-with-dsym";
				ENABLE_NS_ASSERTIONS = NO;
				ENABLE_STRICT_OBJC_MSGSEND = YES;
				GCC_C_LANGUAGE_STANDARD = gnu11;
				GCC_NO_COMMON_BLOCKS = YES;
				GCC_WARN_64_TO_32_BIT_CONVERSION = YES;
				GCC_WARN_ABOUT_RETURN_TYPE = YES_ERROR;
				GCC_WARN_UNDECLARED_SELECTOR = YES;
				GCC_WARN_UNINITIALIZED_AUTOS = YES_AGGRESSIVE;
				GCC_WARN_UNUSED_FUNCTION = YES;
				GCC_WARN_UNUSED_VARIABLE = YES;
				IPHONEOS_DEPLOYMENT_TARGET = 14.3;
				MTL_ENABLE_DEBUG_INFO = NO;
				MTL_FAST_MATH = YES;
				SDKROOT = iphoneos;
				SWIFT_COMPILATION_MODE = wholemodule;
				SWIFT_OPTIMIZATION_LEVEL = "-O";
				VALIDATE_PRODUCT = YES;
			};
			name = Release;
		};
		22B77B2A259CDC9200089546 /* Debug */ = {
			isa = XCBuildConfiguration;
			buildSettings = {
				ASSETCATALOG_COMPILER_APPICON_NAME = AppIcon;
				ASSETCATALOG_COMPILER_GLOBAL_ACCENT_COLOR_NAME = AccentColor;
				CODE_SIGN_STYLE = Automatic;
				DEVELOPMENT_ASSET_PATHS = "\"Shall-we-eat/Preview Content\"";
				ENABLE_PREVIEWS = YES;
				INFOPLIST_FILE = "Shall-we-eat/Info.plist";
				IPHONEOS_DEPLOYMENT_TARGET = 14.0;
				LD_RUNPATH_SEARCH_PATHS = (
					"$(inherited)",
					"@executable_path/Frameworks",
				);
				PRODUCT_BUNDLE_IDENTIFIER = "mariia.ricouard.Shall-we-eat";
				PRODUCT_NAME = "$(TARGET_NAME)";
				SWIFT_VERSION = 5.0;
				TARGETED_DEVICE_FAMILY = "1,2";
			};
			name = Debug;
		};
		22B77B2B259CDC9200089546 /* Release */ = {
			isa = XCBuildConfiguration;
			buildSettings = {
				ASSETCATALOG_COMPILER_APPICON_NAME = AppIcon;
				ASSETCATALOG_COMPILER_GLOBAL_ACCENT_COLOR_NAME = AccentColor;
				CODE_SIGN_STYLE = Automatic;
				DEVELOPMENT_ASSET_PATHS = "\"Shall-we-eat/Preview Content\"";
				ENABLE_PREVIEWS = YES;
				INFOPLIST_FILE = "Shall-we-eat/Info.plist";
				IPHONEOS_DEPLOYMENT_TARGET = 14.0;
				LD_RUNPATH_SEARCH_PATHS = (
					"$(inherited)",
					"@executable_path/Frameworks",
				);
				PRODUCT_BUNDLE_IDENTIFIER = "mariia.ricouard.Shall-we-eat";
				PRODUCT_NAME = "$(TARGET_NAME)";
				SWIFT_VERSION = 5.0;
				TARGETED_DEVICE_FAMILY = "1,2";
			};
			name = Release;
		};
/* End XCBuildConfiguration section */

/* Begin XCConfigurationList section */
		22B77B15259CDC8F00089546 /* Build configuration list for PBXProject "Shall-we-eat" */ = {
			isa = XCConfigurationList;
			buildConfigurations = (
				22B77B27259CDC9200089546 /* Debug */,
				22B77B28259CDC9200089546 /* Release */,
			);
			defaultConfigurationIsVisible = 0;
			defaultConfigurationName = Release;
		};
		22B77B29259CDC9200089546 /* Build configuration list for PBXNativeTarget "Shall-we-eat" */ = {
			isa = XCConfigurationList;
			buildConfigurations = (
				22B77B2A259CDC9200089546 /* Debug */,
				22B77B2B259CDC9200089546 /* Release */,
			);
			defaultConfigurationIsVisible = 0;
			defaultConfigurationName = Release;
		};
/* End XCConfigurationList section */
	};
	rootObject = 22B77B12259CDC8F00089546 /* Project object */;
}
